// !$*UTF8*$!
{
	archiveVersion = 1;
	classes = {
	};
	objectVersion = 46;
	objects = {

/* Begin PBXBuildFile section */
		1C9F9C0E1E265AAC00995032 /* main.m in Sources */ = {isa = PBXBuildFile; fileRef = 1C9F9C0D1E265AAC00995032 /* main.m */; };
		E61ABA821F71FD5300984112 /* Assets.xcassets in Resources */ = {isa = PBXBuildFile; fileRef = E61ABA321F71FD5300984112 /* Assets.xcassets */; };
		E61ABA831F71FD5300984112 /* LaunchScreen.storyboard in Resources */ = {isa = PBXBuildFile; fileRef = E61ABA331F71FD5300984112 /* LaunchScreen.storyboard */; };
		E61ABA841F71FD5300984112 /* Main.storyboard in Resources */ = {isa = PBXBuildFile; fileRef = E61ABA351F71FD5300984112 /* Main.storyboard */; };
		E61ABA851F71FD5300984112 /* ApplyBigView.m in Sources */ = {isa = PBXBuildFile; fileRef = E61ABA3A1F71FD5300984112 /* ApplyBigView.m */; };
		E61ABA861F71FD5300984112 /* ApplyButton.m in Sources */ = {isa = PBXBuildFile; fileRef = E61ABA3C1F71FD5300984112 /* ApplyButton.m */; };
		E61ABA871F71FD5300984112 /* ApplyMessiageView.m in Sources */ = {isa = PBXBuildFile; fileRef = E61ABA3E1F71FD5300984112 /* ApplyMessiageView.m */; };
		E61ABA881F71FD5300984112 /* ApplyTableview.m in Sources */ = {isa = PBXBuildFile; fileRef = E61ABA401F71FD5300984112 /* ApplyTableview.m */; };
		E61ABA891F71FD5300984112 /* ApplyTableViewCell.m in Sources */ = {isa = PBXBuildFile; fileRef = E61ABA421F71FD5300984112 /* ApplyTableViewCell.m */; };
		E61ABA8A1F71FD5300984112 /* ApplyView.m in Sources */ = {isa = PBXBuildFile; fileRef = E61ABA441F71FD5300984112 /* ApplyView.m */; };
		E61ABA8B1F71FD5300984112 /* CellView.m in Sources */ = {isa = PBXBuildFile; fileRef = E61ABA461F71FD5300984112 /* CellView.m */; };
		E61ABA8C1F71FD5300984112 /* CheckModel.m in Sources */ = {isa = PBXBuildFile; fileRef = E61ABA481F71FD5300984112 /* CheckModel.m */; };
		E61ABA8D1F71FD5300984112 /* CheckViewController.m in Sources */ = {isa = PBXBuildFile; fileRef = E61ABA4A1F71FD5300984112 /* CheckViewController.m */; };
		E61ABA8E1F71FD5300984112 /* data.plist in Resources */ = {isa = PBXBuildFile; fileRef = E61ABA4B1F71FD5300984112 /* data.plist */; };
		E61ABA8F1F71FD5300984112 /* DatePickerViewController.m in Sources */ = {isa = PBXBuildFile; fileRef = E61ABA4D1F71FD5300984112 /* DatePickerViewController.m */; };
		E61ABA901F71FD5300984112 /* HosiptalView.m in Sources */ = {isa = PBXBuildFile; fileRef = E61ABA4F1F71FD5300984112 /* HosiptalView.m */; };
		E61ABA911F71FD5300984112 /* PerLabel.m in Sources */ = {isa = PBXBuildFile; fileRef = E61ABA511F71FD5300984112 /* PerLabel.m */; };
		E61ABA921F71FD5300984112 /* PersonModel.m in Sources */ = {isa = PBXBuildFile; fileRef = E61ABA531F71FD5300984112 /* PersonModel.m */; };
		E61ABA931F71FD5300984112 /* PerTextField.m in Sources */ = {isa = PBXBuildFile; fileRef = E61ABA551F71FD5300984112 /* PerTextField.m */; };
		E61ABA941F71FD5300984112 /* ProtectMessiageView.m in Sources */ = {isa = PBXBuildFile; fileRef = E61ABA571F71FD5300984112 /* ProtectMessiageView.m */; };
		E61ABA951F71FD5300984112 /* SectionView.m in Sources */ = {isa = PBXBuildFile; fileRef = E61ABA591F71FD5300984112 /* SectionView.m */; };
		E61ABA961F71FD5300984112 /* Acdata.m in Sources */ = {isa = PBXBuildFile; fileRef = E61ABA5C1F71FD5300984112 /* Acdata.m */; };
		E61ABA971F71FD5300984112 /* AppDelegate.m in Sources */ = {isa = PBXBuildFile; fileRef = E61ABA5E1F71FD5300984112 /* AppDelegate.m */; };
		E61ABA981F71FD5300984112 /* NSArray+desc.m in Sources */ = {isa = PBXBuildFile; fileRef = E61ABA611F71FD5300984112 /* NSArray+desc.m */; };
		E61ABA991F71FD5300984112 /* DisclaimerViewController.m in Sources */ = {isa = PBXBuildFile; fileRef = E61ABA651F71FD5300984112 /* DisclaimerViewController.m */; };
		E61ABA9A1F71FD5300984112 /* HomeViewController.m in Sources */ = {isa = PBXBuildFile; fileRef = E61ABA671F71FD5300984112 /* HomeViewController.m */; };
		E61ABA9B1F71FD5300984112 /* LanuchViewController.m in Sources */ = {isa = PBXBuildFile; fileRef = E61ABA691F71FD5300984112 /* LanuchViewController.m */; };
		E61ABA9C1F71FD5300984112 /* NavigationController.m in Sources */ = {isa = PBXBuildFile; fileRef = E61ABA6B1F71FD5300984112 /* NavigationController.m */; };
		E61ABA9D1F71FD5300984112 /* Info.plist in Resources */ = {isa = PBXBuildFile; fileRef = E61ABA6C1F71FD5300984112 /* Info.plist */; };
		E61ABA9E1F71FD5300984112 /* UserLoginView.m in Sources */ = {isa = PBXBuildFile; fileRef = E61ABA6F1F71FD5300984112 /* UserLoginView.m */; };
		E61ABA9F1F71FD5300984112 /* UserLoginView.xib in Resources */ = {isa = PBXBuildFile; fileRef = E61ABA701F71FD5300984112 /* UserLoginView.xib */; };
		E61ABAA01F71FD5300984112 /* main.m in Sources */ = {isa = PBXBuildFile; fileRef = E61ABA711F71FD5300984112 /* main.m */; };
		E61ABAA11F71FD5300984112 /* InternetConfig.m in Sources */ = {isa = PBXBuildFile; fileRef = E61ABA741F71FD5300984112 /* InternetConfig.m */; };
		E61ABAA21F71FD5300984112 /* InternetConfig.plist in Resources */ = {isa = PBXBuildFile; fileRef = E61ABA751F71FD5300984112 /* InternetConfig.plist */; };
		E61ABAA31F71FD5300984112 /* InternetConnection.m in Sources */ = {isa = PBXBuildFile; fileRef = E61ABA781F71FD5300984112 /* InternetConnection.m */; };
		E61ABAA41F71FD5300984112 /* TaipingInternetConfig.m in Sources */ = {isa = PBXBuildFile; fileRef = E61ABA7A1F71FD5300984112 /* TaipingInternetConfig.m */; };
		E61ABAA51F71FD5300984112 /* PayViewController.m in Sources */ = {isa = PBXBuildFile; fileRef = E61ABA7D1F71FD5300984112 /* PayViewController.m */; };
/* End PBXBuildFile section */

/* Begin PBXFileReference section */
		1C9F9C091E265AAC00995032 /* PayProject.app */ = {isa = PBXFileReference; explicitFileType = wrapper.application; includeInIndex = 0; path = PayProject.app; sourceTree = BUILT_PRODUCTS_DIR; };
		1C9F9C0D1E265AAC00995032 /* main.m */ = {isa = PBXFileReference; lastKnownFileType = sourcecode.c.objc; path = main.m; sourceTree = "<group>"; };
		E61ABA321F71FD5300984112 /* Assets.xcassets */ = {isa = PBXFileReference; lastKnownFileType = folder.assetcatalog; path = Assets.xcassets; sourceTree = "<group>"; };
		E61ABA341F71FD5300984112 /* Base */ = {isa = PBXFileReference; lastKnownFileType = file.storyboard; name = Base; path = Base.lproj/LaunchScreen.storyboard; sourceTree = "<group>"; };
		E61ABA361F71FD5300984112 /* Base */ = {isa = PBXFileReference; lastKnownFileType = file.storyboard; name = Base; path = Base.lproj/Main.storyboard; sourceTree = "<group>"; };
		E61ABA391F71FD5300984112 /* ApplyBigView.h */ = {isa = PBXFileReference; fileEncoding = 4; lastKnownFileType = sourcecode.c.h; path = ApplyBigView.h; sourceTree = "<group>"; };
		E61ABA3A1F71FD5300984112 /* ApplyBigView.m */ = {isa = PBXFileReference; fileEncoding = 4; lastKnownFileType = sourcecode.c.objc; path = ApplyBigView.m; sourceTree = "<group>"; };
		E61ABA3B1F71FD5300984112 /* ApplyButton.h */ = {isa = PBXFileReference; fileEncoding = 4; lastKnownFileType = sourcecode.c.h; path = ApplyButton.h; sourceTree = "<group>"; };
		E61ABA3C1F71FD5300984112 /* ApplyButton.m */ = {isa = PBXFileReference; fileEncoding = 4; lastKnownFileType = sourcecode.c.objc; path = ApplyButton.m; sourceTree = "<group>"; };
		E61ABA3D1F71FD5300984112 /* ApplyMessiageView.h */ = {isa = PBXFileReference; fileEncoding = 4; lastKnownFileType = sourcecode.c.h; path = ApplyMessiageView.h; sourceTree = "<group>"; };
		E61ABA3E1F71FD5300984112 /* ApplyMessiageView.m */ = {isa = PBXFileReference; fileEncoding = 4; lastKnownFileType = sourcecode.c.objc; path = ApplyMessiageView.m; sourceTree = "<group>"; };
		E61ABA3F1F71FD5300984112 /* ApplyTableview.h */ = {isa = PBXFileReference; fileEncoding = 4; lastKnownFileType = sourcecode.c.h; path = ApplyTableview.h; sourceTree = "<group>"; };
		E61ABA401F71FD5300984112 /* ApplyTableview.m */ = {isa = PBXFileReference; fileEncoding = 4; lastKnownFileType = sourcecode.c.objc; path = ApplyTableview.m; sourceTree = "<group>"; };
		E61ABA411F71FD5300984112 /* ApplyTableViewCell.h */ = {isa = PBXFileReference; fileEncoding = 4; lastKnownFileType = sourcecode.c.h; path = ApplyTableViewCell.h; sourceTree = "<group>"; };
		E61ABA421F71FD5300984112 /* ApplyTableViewCell.m */ = {isa = PBXFileReference; fileEncoding = 4; lastKnownFileType = sourcecode.c.objc; path = ApplyTableViewCell.m; sourceTree = "<group>"; };
		E61ABA431F71FD5300984112 /* ApplyView.h */ = {isa = PBXFileReference; fileEncoding = 4; lastKnownFileType = sourcecode.c.h; path = ApplyView.h; sourceTree = "<group>"; };
		E61ABA441F71FD5300984112 /* ApplyView.m */ = {isa = PBXFileReference; fileEncoding = 4; lastKnownFileType = sourcecode.c.objc; path = ApplyView.m; sourceTree = "<group>"; };
		E61ABA451F71FD5300984112 /* CellView.h */ = {isa = PBXFileReference; fileEncoding = 4; lastKnownFileType = sourcecode.c.h; path = CellView.h; sourceTree = "<group>"; };
		E61ABA461F71FD5300984112 /* CellView.m */ = {isa = PBXFileReference; fileEncoding = 4; lastKnownFileType = sourcecode.c.objc; path = CellView.m; sourceTree = "<group>"; };
		E61ABA471F71FD5300984112 /* CheckModel.h */ = {isa = PBXFileReference; fileEncoding = 4; lastKnownFileType = sourcecode.c.h; path = CheckModel.h; sourceTree = "<group>"; };
		E61ABA481F71FD5300984112 /* CheckModel.m */ = {isa = PBXFileReference; fileEncoding = 4; lastKnownFileType = sourcecode.c.objc; path = CheckModel.m; sourceTree = "<group>"; };
		E61ABA491F71FD5300984112 /* CheckViewController.h */ = {isa = PBXFileReference; fileEncoding = 4; lastKnownFileType = sourcecode.c.h; path = CheckViewController.h; sourceTree = "<group>"; };
		E61ABA4A1F71FD5300984112 /* CheckViewController.m */ = {isa = PBXFileReference; fileEncoding = 4; lastKnownFileType = sourcecode.c.objc; path = CheckViewController.m; sourceTree = "<group>"; };
		E61ABA4B1F71FD5300984112 /* data.plist */ = {isa = PBXFileReference; fileEncoding = 4; lastKnownFileType = text.plist.xml; path = data.plist; sourceTree = "<group>"; };
		E61ABA4C1F71FD5300984112 /* DatePickerViewController.h */ = {isa = PBXFileReference; fileEncoding = 4; lastKnownFileType = sourcecode.c.h; path = DatePickerViewController.h; sourceTree = "<group>"; };
		E61ABA4D1F71FD5300984112 /* DatePickerViewController.m */ = {isa = PBXFileReference; fileEncoding = 4; lastKnownFileType = sourcecode.c.objc; path = DatePickerViewController.m; sourceTree = "<group>"; };
		E61ABA4E1F71FD5300984112 /* HosiptalView.h */ = {isa = PBXFileReference; fileEncoding = 4; lastKnownFileType = sourcecode.c.h; path = HosiptalView.h; sourceTree = "<group>"; };
		E61ABA4F1F71FD5300984112 /* HosiptalView.m */ = {isa = PBXFileReference; fileEncoding = 4; lastKnownFileType = sourcecode.c.objc; path = HosiptalView.m; sourceTree = "<group>"; };
		E61ABA501F71FD5300984112 /* PerLabel.h */ = {isa = PBXFileReference; fileEncoding = 4; lastKnownFileType = sourcecode.c.h; path = PerLabel.h; sourceTree = "<group>"; };
		E61ABA511F71FD5300984112 /* PerLabel.m */ = {isa = PBXFileReference; fileEncoding = 4; lastKnownFileType = sourcecode.c.objc; path = PerLabel.m; sourceTree = "<group>"; };
		E61ABA521F71FD5300984112 /* PersonModel.h */ = {isa = PBXFileReference; fileEncoding = 4; lastKnownFileType = sourcecode.c.h; path = PersonModel.h; sourceTree = "<group>"; };
		E61ABA531F71FD5300984112 /* PersonModel.m */ = {isa = PBXFileReference; fileEncoding = 4; lastKnownFileType = sourcecode.c.objc; path = PersonModel.m; sourceTree = "<group>"; };
		E61ABA541F71FD5300984112 /* PerTextField.h */ = {isa = PBXFileReference; fileEncoding = 4; lastKnownFileType = sourcecode.c.h; path = PerTextField.h; sourceTree = "<group>"; };
		E61ABA551F71FD5300984112 /* PerTextField.m */ = {isa = PBXFileReference; fileEncoding = 4; lastKnownFileType = sourcecode.c.objc; path = PerTextField.m; sourceTree = "<group>"; };
		E61ABA561F71FD5300984112 /* ProtectMessiageView.h */ = {isa = PBXFileReference; fileEncoding = 4; lastKnownFileType = sourcecode.c.h; path = ProtectMessiageView.h; sourceTree = "<group>"; };
		E61ABA571F71FD5300984112 /* ProtectMessiageView.m */ = {isa = PBXFileReference; fileEncoding = 4; lastKnownFileType = sourcecode.c.objc; path = ProtectMessiageView.m; sourceTree = "<group>"; };
		E61ABA581F71FD5300984112 /* SectionView.h */ = {isa = PBXFileReference; fileEncoding = 4; lastKnownFileType = sourcecode.c.h; path = SectionView.h; sourceTree = "<group>"; };
		E61ABA591F71FD5300984112 /* SectionView.m */ = {isa = PBXFileReference; fileEncoding = 4; lastKnownFileType = sourcecode.c.objc; path = SectionView.m; sourceTree = "<group>"; };
		E61ABA5B1F71FD5300984112 /* Acdata.h */ = {isa = PBXFileReference; fileEncoding = 4; lastKnownFileType = sourcecode.c.h; path = Acdata.h; sourceTree = "<group>"; };
		E61ABA5C1F71FD5300984112 /* Acdata.m */ = {isa = PBXFileReference; fileEncoding = 4; lastKnownFileType = sourcecode.c.objc; path = Acdata.m; sourceTree = "<group>"; };
		E61ABA5D1F71FD5300984112 /* AppDelegate.h */ = {isa = PBXFileReference; fileEncoding = 4; lastKnownFileType = sourcecode.c.h; path = AppDelegate.h; sourceTree = "<group>"; };
		E61ABA5E1F71FD5300984112 /* AppDelegate.m */ = {isa = PBXFileReference; fileEncoding = 4; lastKnownFileType = sourcecode.c.objc; path = AppDelegate.m; sourceTree = "<group>"; };
		E61ABA5F1F71FD5300984112 /* comfig.h */ = {isa = PBXFileReference; fileEncoding = 4; lastKnownFileType = sourcecode.c.h; path = comfig.h; sourceTree = "<group>"; };
		E61ABA601F71FD5300984112 /* NSArray+desc.h */ = {isa = PBXFileReference; fileEncoding = 4; lastKnownFileType = sourcecode.c.h; path = "NSArray+desc.h"; sourceTree = "<group>"; };
		E61ABA611F71FD5300984112 /* NSArray+desc.m */ = {isa = PBXFileReference; fileEncoding = 4; lastKnownFileType = sourcecode.c.objc; path = "NSArray+desc.m"; sourceTree = "<group>"; };
		E61ABA621F71FD5300984112 /* TPconfig.pch */ = {isa = PBXFileReference; fileEncoding = 4; lastKnownFileType = sourcecode.c.h; path = TPconfig.pch; sourceTree = "<group>"; };
		E61ABA641F71FD5300984112 /* DisclaimerViewController.h */ = {isa = PBXFileReference; fileEncoding = 4; lastKnownFileType = sourcecode.c.h; path = DisclaimerViewController.h; sourceTree = "<group>"; };
		E61ABA651F71FD5300984112 /* DisclaimerViewController.m */ = {isa = PBXFileReference; fileEncoding = 4; lastKnownFileType = sourcecode.c.objc; path = DisclaimerViewController.m; sourceTree = "<group>"; };
		E61ABA661F71FD5300984112 /* HomeViewController.h */ = {isa = PBXFileReference; fileEncoding = 4; lastKnownFileType = sourcecode.c.h; path = HomeViewController.h; sourceTree = "<group>"; };
		E61ABA671F71FD5300984112 /* HomeViewController.m */ = {isa = PBXFileReference; fileEncoding = 4; lastKnownFileType = sourcecode.c.objc; path = HomeViewController.m; sourceTree = "<group>"; };
		E61ABA681F71FD5300984112 /* LanuchViewController.h */ = {isa = PBXFileReference; fileEncoding = 4; lastKnownFileType = sourcecode.c.h; path = LanuchViewController.h; sourceTree = "<group>"; };
		E61ABA691F71FD5300984112 /* LanuchViewController.m */ = {isa = PBXFileReference; fileEncoding = 4; lastKnownFileType = sourcecode.c.objc; path = LanuchViewController.m; sourceTree = "<group>"; };
		E61ABA6A1F71FD5300984112 /* NavigationController.h */ = {isa = PBXFileReference; fileEncoding = 4; lastKnownFileType = sourcecode.c.h; path = NavigationController.h; sourceTree = "<group>"; };
		E61ABA6B1F71FD5300984112 /* NavigationController.m */ = {isa = PBXFileReference; fileEncoding = 4; lastKnownFileType = sourcecode.c.objc; path = NavigationController.m; sourceTree = "<group>"; };
		E61ABA6C1F71FD5300984112 /* Info.plist */ = {isa = PBXFileReference; fileEncoding = 4; lastKnownFileType = text.plist.xml; path = Info.plist; sourceTree = "<group>"; };
		E61ABA6E1F71FD5300984112 /* UserLoginView.h */ = {isa = PBXFileReference; fileEncoding = 4; lastKnownFileType = sourcecode.c.h; path = UserLoginView.h; sourceTree = "<group>"; };
		E61ABA6F1F71FD5300984112 /* UserLoginView.m */ = {isa = PBXFileReference; fileEncoding = 4; lastKnownFileType = sourcecode.c.objc; path = UserLoginView.m; sourceTree = "<group>"; };
		E61ABA701F71FD5300984112 /* UserLoginView.xib */ = {isa = PBXFileReference; fileEncoding = 4; lastKnownFileType = file.xib; path = UserLoginView.xib; sourceTree = "<group>"; };
		E61ABA711F71FD5300984112 /* main.m */ = {isa = PBXFileReference; fileEncoding = 4; lastKnownFileType = sourcecode.c.objc; path = main.m; sourceTree = "<group>"; };
		E61ABA731F71FD5300984112 /* InternetConfig.h */ = {isa = PBXFileReference; fileEncoding = 4; lastKnownFileType = sourcecode.c.h; path = InternetConfig.h; sourceTree = "<group>"; };
		E61ABA741F71FD5300984112 /* InternetConfig.m */ = {isa = PBXFileReference; fileEncoding = 4; lastKnownFileType = sourcecode.c.objc; path = InternetConfig.m; sourceTree = "<group>"; };
		E61ABA751F71FD5300984112 /* InternetConfig.plist */ = {isa = PBXFileReference; fileEncoding = 4; lastKnownFileType = text.plist.xml; path = InternetConfig.plist; sourceTree = "<group>"; };
		E61ABA761F71FD5300984112 /* InternetConfigDefine.h */ = {isa = PBXFileReference; fileEncoding = 4; lastKnownFileType = sourcecode.c.h; path = InternetConfigDefine.h; sourceTree = "<group>"; };
		E61ABA771F71FD5300984112 /* InternetConnection.h */ = {isa = PBXFileReference; fileEncoding = 4; lastKnownFileType = sourcecode.c.h; path = InternetConnection.h; sourceTree = "<group>"; };
		E61ABA781F71FD5300984112 /* InternetConnection.m */ = {isa = PBXFileReference; fileEncoding = 4; lastKnownFileType = sourcecode.c.objc; path = InternetConnection.m; sourceTree = "<group>"; };
		E61ABA791F71FD5300984112 /* TaipingInternetConfig.h */ = {isa = PBXFileReference; fileEncoding = 4; lastKnownFileType = sourcecode.c.h; path = TaipingInternetConfig.h; sourceTree = "<group>"; };
		E61ABA7A1F71FD5300984112 /* TaipingInternetConfig.m */ = {isa = PBXFileReference; fileEncoding = 4; lastKnownFileType = sourcecode.c.objc; path = TaipingInternetConfig.m; sourceTree = "<group>"; };
		E61ABA7C1F71FD5300984112 /* PayViewController.h */ = {isa = PBXFileReference; fileEncoding = 4; lastKnownFileType = sourcecode.c.h; path = PayViewController.h; sourceTree = "<group>"; };
		E61ABA7D1F71FD5300984112 /* PayViewController.m */ = {isa = PBXFileReference; fileEncoding = 4; lastKnownFileType = sourcecode.c.objc; path = PayViewController.m; sourceTree = "<group>"; };
/* End PBXFileReference section */

/* Begin PBXFrameworksBuildPhase section */
		1C9F9C061E265AAC00995032 /* Frameworks */ = {
			isa = PBXFrameworksBuildPhase;
			buildActionMask = 2147483647;
			files = (
			);
			runOnlyForDeploymentPostprocessing = 0;
		};
/* End PBXFrameworksBuildPhase section */

/* Begin PBXGroup section */
		1C9F9C001E265AAB00995032 = {
			isa = PBXGroup;
			children = (
				E61ABA2F1F71FD5300984112 /* PayProject */,
				1C9F9C0B1E265AAC00995032 /* PayProject */,
				1C9F9C0A1E265AAC00995032 /* Products */,
			);
			sourceTree = "<group>";
		};
		1C9F9C0A1E265AAC00995032 /* Products */ = {
			isa = PBXGroup;
			children = (
				1C9F9C091E265AAC00995032 /* PayProject.app */,
			);
			name = Products;
			sourceTree = "<group>";
		};
		1C9F9C0B1E265AAC00995032 /* PayProject */ = {
			isa = PBXGroup;
			children = (
				1C9F9C0C1E265AAC00995032 /* Supporting Files */,
			);
			path = PayProject;
			sourceTree = "<group>";
		};
		1C9F9C0C1E265AAC00995032 /* Supporting Files */ = {
			isa = PBXGroup;
			children = (
				1C9F9C0D1E265AAC00995032 /* main.m */,
			);
			name = "Supporting Files";
			sourceTree = "<group>";
		};
		E61ABA2F1F71FD5300984112 /* PayProject */ = {
			isa = PBXGroup;
			children = (
				E61ABA321F71FD5300984112 /* Assets.xcassets */,
				E61ABA331F71FD5300984112 /* LaunchScreen.storyboard */,
				E61ABA351F71FD5300984112 /* Main.storyboard */,
				E61ABA371F71FD5300984112 /* case */,
				E61ABA381F71FD5300984112 /* check */,
				E61ABA5A1F71FD5300984112 /* Common */,
				E61ABA631F71FD5300984112 /* Home */,
				E61ABA6C1F71FD5300984112 /* Info.plist */,
				E61ABA6D1F71FD5300984112 /* Login */,
				E61ABA711F71FD5300984112 /* main.m */,
				E61ABA721F71FD5300984112 /* Net */,
				E61ABA7B1F71FD5300984112 /* pay */,
				E61ABA7E1F71FD5300984112 /* query */,
			);
			path = PayProject;
			sourceTree = "<group>";
		};
		E61ABA371F71FD5300984112 /* case */ = {
			isa = PBXGroup;
			children = (
			);
			path = case;
			sourceTree = "<group>";
		};
		E61ABA381F71FD5300984112 /* check */ = {
			isa = PBXGroup;
			children = (
				E61ABA391F71FD5300984112 /* ApplyBigView.h */,
				E61ABA3A1F71FD5300984112 /* ApplyBigView.m */,
				E61ABA3B1F71FD5300984112 /* ApplyButton.h */,
				E61ABA3C1F71FD5300984112 /* ApplyButton.m */,
				E61ABA3D1F71FD5300984112 /* ApplyMessiageView.h */,
				E61ABA3E1F71FD5300984112 /* ApplyMessiageView.m */,
				E61ABA3F1F71FD5300984112 /* ApplyTableview.h */,
				E61ABA401F71FD5300984112 /* ApplyTableview.m */,
				E61ABA411F71FD5300984112 /* ApplyTableViewCell.h */,
				E61ABA421F71FD5300984112 /* ApplyTableViewCell.m */,
				E61ABA431F71FD5300984112 /* ApplyView.h */,
				E61ABA441F71FD5300984112 /* ApplyView.m */,
				E61ABA451F71FD5300984112 /* CellView.h */,
				E61ABA461F71FD5300984112 /* CellView.m */,
				E61ABA471F71FD5300984112 /* CheckModel.h */,
				E61ABA481F71FD5300984112 /* CheckModel.m */,
				E61ABA491F71FD5300984112 /* CheckViewController.h */,
				E61ABA4A1F71FD5300984112 /* CheckViewController.m */,
				E61ABA4B1F71FD5300984112 /* data.plist */,
				E61ABA4C1F71FD5300984112 /* DatePickerViewController.h */,
				E61ABA4D1F71FD5300984112 /* DatePickerViewController.m */,
				E61ABA4E1F71FD5300984112 /* HosiptalView.h */,
				E61ABA4F1F71FD5300984112 /* HosiptalView.m */,
				E61ABA501F71FD5300984112 /* PerLabel.h */,
				E61ABA511F71FD5300984112 /* PerLabel.m */,
				E61ABA521F71FD5300984112 /* PersonModel.h */,
				E61ABA531F71FD5300984112 /* PersonModel.m */,
				E61ABA541F71FD5300984112 /* PerTextField.h */,
				E61ABA551F71FD5300984112 /* PerTextField.m */,
				E61ABA561F71FD5300984112 /* ProtectMessiageView.h */,
				E61ABA571F71FD5300984112 /* ProtectMessiageView.m */,
				E61ABA581F71FD5300984112 /* SectionView.h */,
				E61ABA591F71FD5300984112 /* SectionView.m */,
			);
			path = check;
			sourceTree = "<group>";
		};
		E61ABA5A1F71FD5300984112 /* Common */ = {
			isa = PBXGroup;
			children = (
				E61ABA5B1F71FD5300984112 /* Acdata.h */,
				E61ABA5C1F71FD5300984112 /* Acdata.m */,
				E61ABA5D1F71FD5300984112 /* AppDelegate.h */,
				E61ABA5E1F71FD5300984112 /* AppDelegate.m */,
				E61ABA5F1F71FD5300984112 /* comfig.h */,
				E61ABA601F71FD5300984112 /* NSArray+desc.h */,
				E61ABA611F71FD5300984112 /* NSArray+desc.m */,
				E61ABA621F71FD5300984112 /* TPconfig.pch */,
			);
			path = Common;
			sourceTree = "<group>";
		};
		E61ABA631F71FD5300984112 /* Home */ = {
			isa = PBXGroup;
			children = (
				E61ABA641F71FD5300984112 /* DisclaimerViewController.h */,
				E61ABA651F71FD5300984112 /* DisclaimerViewController.m */,
				E61ABA661F71FD5300984112 /* HomeViewController.h */,
				E61ABA671F71FD5300984112 /* HomeViewController.m */,
				E61ABA681F71FD5300984112 /* LanuchViewController.h */,
				E61ABA691F71FD5300984112 /* LanuchViewController.m */,
				E61ABA6A1F71FD5300984112 /* NavigationController.h */,
				E61ABA6B1F71FD5300984112 /* NavigationController.m */,
			);
			path = Home;
			sourceTree = "<group>";
		};
		E61ABA6D1F71FD5300984112 /* Login */ = {
			isa = PBXGroup;
			children = (
				E61ABA6E1F71FD5300984112 /* UserLoginView.h */,
				E61ABA6F1F71FD5300984112 /* UserLoginView.m */,
				E61ABA701F71FD5300984112 /* UserLoginView.xib */,
			);
			path = Login;
			sourceTree = "<group>";
		};
		E61ABA721F71FD5300984112 /* Net */ = {
			isa = PBXGroup;
			children = (
				E61ABA731F71FD5300984112 /* InternetConfig.h */,
				E61ABA741F71FD5300984112 /* InternetConfig.m */,
				E61ABA751F71FD5300984112 /* InternetConfig.plist */,
				E61ABA761F71FD5300984112 /* InternetConfigDefine.h */,
				E61ABA771F71FD5300984112 /* InternetConnection.h */,
				E61ABA781F71FD5300984112 /* InternetConnection.m */,
				E61ABA791F71FD5300984112 /* TaipingInternetConfig.h */,
				E61ABA7A1F71FD5300984112 /* TaipingInternetConfig.m */,
			);
			path = Net;
			sourceTree = "<group>";
		};
		E61ABA7B1F71FD5300984112 /* pay */ = {
			isa = PBXGroup;
			children = (
				E61ABA7C1F71FD5300984112 /* PayViewController.h */,
				E61ABA7D1F71FD5300984112 /* PayViewController.m */,
			);
			path = pay;
			sourceTree = "<group>";
		};
		E61ABA7E1F71FD5300984112 /* query */ = {
			isa = PBXGroup;
			children = (
			);
			path = query;
			sourceTree = "<group>";
		};
/* End PBXGroup section */

/* Begin PBXNativeTarget section */
		1C9F9C081E265AAC00995032 /* PayProject */ = {
			isa = PBXNativeTarget;
			buildConfigurationList = 1C9F9C201E265AAC00995032 /* Build configuration list for PBXNativeTarget "PayProject" */;
			buildPhases = (
				1C9F9C051E265AAC00995032 /* Sources */,
				1C9F9C061E265AAC00995032 /* Frameworks */,
				1C9F9C071E265AAC00995032 /* Resources */,
			);
			buildRules = (
			);
			dependencies = (
			);
			name = PayProject;
			productName = PayProject;
			productReference = 1C9F9C091E265AAC00995032 /* PayProject.app */;
			productType = "com.apple.product-type.application";
		};
/* End PBXNativeTarget section */

/* Begin PBXProject section */
		1C9F9C011E265AAB00995032 /* Project object */ = {
			isa = PBXProject;
			attributes = {
				LastUpgradeCheck = 0820;
				ORGANIZATIONNAME = yuan;
				TargetAttributes = {
					1C9F9C081E265AAC00995032 = {
						CreatedOnToolsVersion = 8.2.1;
						DevelopmentTeam = J5HLA6KUY2;
						ProvisioningStyle = Automatic;
					};
				};
			};
			buildConfigurationList = 1C9F9C041E265AAB00995032 /* Build configuration list for PBXProject "PayProject" */;
			compatibilityVersion = "Xcode 3.2";
			developmentRegion = English;
			hasScannedForEncodings = 0;
			knownRegions = (
				en,
				Base,
			);
			mainGroup = 1C9F9C001E265AAB00995032;
			productRefGroup = 1C9F9C0A1E265AAC00995032 /* Products */;
			projectDirPath = "";
			projectRoot = "";
			targets = (
				1C9F9C081E265AAC00995032 /* PayProject */,
			);
		};
/* End PBXProject section */

/* Begin PBXResourcesBuildPhase section */
		1C9F9C071E265AAC00995032 /* Resources */ = {
			isa = PBXResourcesBuildPhase;
			buildActionMask = 2147483647;
			files = (
				E61ABA9D1F71FD5300984112 /* Info.plist in Resources */,
				E61ABA821F71FD5300984112 /* Assets.xcassets in Resources */,
				E61ABA841F71FD5300984112 /* Main.storyboard in Resources */,
				E61ABA831F71FD5300984112 /* LaunchScreen.storyboard in Resources */,
				E61ABA8E1F71FD5300984112 /* data.plist in Resources */,
				E61ABAA21F71FD5300984112 /* InternetConfig.plist in Resources */,
				E61ABA9F1F71FD5300984112 /* UserLoginView.xib in Resources */,
			);
			runOnlyForDeploymentPostprocessing = 0;
		};
/* End PBXResourcesBuildPhase section */

/* Begin PBXSourcesBuildPhase section */
		1C9F9C051E265AAC00995032 /* Sources */ = {
			isa = PBXSourcesBuildPhase;
			buildActionMask = 2147483647;
			files = (
				E61ABA971F71FD5300984112 /* AppDelegate.m in Sources */,
				E61ABA9B1F71FD5300984112 /* LanuchViewController.m in Sources */,
				E61ABA861F71FD5300984112 /* ApplyButton.m in Sources */,
				E61ABA871F71FD5300984112 /* ApplyMessiageView.m in Sources */,
				E61ABAA31F71FD5300984112 /* InternetConnection.m in Sources */,
				E61ABA9A1F71FD5300984112 /* HomeViewController.m in Sources */,
				E61ABAA01F71FD5300984112 /* main.m in Sources */,
				E61ABA891F71FD5300984112 /* ApplyTableViewCell.m in Sources */,
				E61ABA901F71FD5300984112 /* HosiptalView.m in Sources */,
				E61ABA951F71FD5300984112 /* SectionView.m in Sources */,
				E61ABAA51F71FD5300984112 /* PayViewController.m in Sources */,
				E61ABA8A1F71FD5300984112 /* ApplyView.m in Sources */,
				E61ABA991F71FD5300984112 /* DisclaimerViewController.m in Sources */,
				E61ABA9C1F71FD5300984112 /* NavigationController.m in Sources */,
				E61ABAA11F71FD5300984112 /* InternetConfig.m in Sources */,
				E61ABA931F71FD5300984112 /* PerTextField.m in Sources */,
				E61ABA961F71FD5300984112 /* Acdata.m in Sources */,
				E61ABA8C1F71FD5300984112 /* CheckModel.m in Sources */,
				E61ABA921F71FD5300984112 /* PersonModel.m in Sources */,
				E61ABA9E1F71FD5300984112 /* UserLoginView.m in Sources */,
				E61ABA881F71FD5300984112 /* ApplyTableview.m in Sources */,
				E61ABA981F71FD5300984112 /* NSArray+desc.m in Sources */,
				E61ABA8F1F71FD5300984112 /* DatePickerViewController.m in Sources */,
				E61ABA851F71FD5300984112 /* ApplyBigView.m in Sources */,
				E61ABA911F71FD5300984112 /* PerLabel.m in Sources */,
				E61ABA8B1F71FD5300984112 /* CellView.m in Sources */,
				1C9F9C0E1E265AAC00995032 /* main.m in Sources */,
				E61ABAA41F71FD5300984112 /* TaipingInternetConfig.m in Sources */,
				E61ABA941F71FD5300984112 /* ProtectMessiageView.m in Sources */,
				E61ABA8D1F71FD5300984112 /* CheckViewController.m in Sources */,
			);
			runOnlyForDeploymentPostprocessing = 0;
		};
/* End PBXSourcesBuildPhase section */

/* Begin PBXVariantGroup section */
		E61ABA331F71FD5300984112 /* LaunchScreen.storyboard */ = {
			isa = PBXVariantGroup;
			children = (
				E61ABA341F71FD5300984112 /* Base */,
			);
			name = LaunchScreen.storyboard;
			sourceTree = "<group>";
		};
		E61ABA351F71FD5300984112 /* Main.storyboard */ = {
			isa = PBXVariantGroup;
			children = (
				E61ABA361F71FD5300984112 /* Base */,
			);
			name = Main.storyboard;
			sourceTree = "<group>";
		};
/* End PBXVariantGroup section */

/* Begin XCBuildConfiguration section */
		1C9F9C1E1E265AAC00995032 /* Debug */ = {
			isa = XCBuildConfiguration;
			buildSettings = {
				ALWAYS_SEARCH_USER_PATHS = NO;
				CLANG_ANALYZER_NONNULL = YES;
				CLANG_CXX_LANGUAGE_STANDARD = "gnu++0x";
				CLANG_CXX_LIBRARY = "libc++";
				CLANG_ENABLE_MODULES = YES;
				CLANG_ENABLE_OBJC_ARC = YES;
				CLANG_WARN_BOOL_CONVERSION = YES;
				CLANG_WARN_CONSTANT_CONVERSION = YES;
				CLANG_WARN_DIRECT_OBJC_ISA_USAGE = YES_ERROR;
				CLANG_WARN_DOCUMENTATION_COMMENTS = YES;
				CLANG_WARN_EMPTY_BODY = YES;
				CLANG_WARN_ENUM_CONVERSION = YES;
				CLANG_WARN_INFINITE_RECURSION = YES;
				CLANG_WARN_INT_CONVERSION = YES;
				CLANG_WARN_OBJC_ROOT_CLASS = YES_ERROR;
				CLANG_WARN_SUSPICIOUS_MOVE = YES;
				CLANG_WARN_UNREACHABLE_CODE = YES;
				CLANG_WARN__DUPLICATE_METHOD_MATCH = YES;
				"CODE_SIGN_IDENTITY[sdk=iphoneos*]" = "iPhone Developer";
				COPY_PHASE_STRIP = NO;
				DEBUG_INFORMATION_FORMAT = dwarf;
				ENABLE_STRICT_OBJC_MSGSEND = YES;
				ENABLE_TESTABILITY = YES;
				GCC_C_LANGUAGE_STANDARD = gnu99;
				GCC_DYNAMIC_NO_PIC = NO;
				GCC_NO_COMMON_BLOCKS = YES;
				GCC_OPTIMIZATION_LEVEL = 0;
				GCC_PREPROCESSOR_DEFINITIONS = (
					"DEBUG=1",
					"$(inherited)",
				);
				GCC_WARN_64_TO_32_BIT_CONVERSION = YES;
				GCC_WARN_ABOUT_RETURN_TYPE = YES_ERROR;
				GCC_WARN_UNDECLARED_SELECTOR = YES;
				GCC_WARN_UNINITIALIZED_AUTOS = YES_AGGRESSIVE;
				GCC_WARN_UNUSED_FUNCTION = YES;
				GCC_WARN_UNUSED_VARIABLE = YES;
				IPHONEOS_DEPLOYMENT_TARGET = 10.2;
				MTL_ENABLE_DEBUG_INFO = YES;
				ONLY_ACTIVE_ARCH = YES;
				SDKROOT = iphoneos;
				TARGETED_DEVICE_FAMILY = "1,2";
			};
			name = Debug;
		};
		1C9F9C1F1E265AAC00995032 /* Release */ = {
			isa = XCBuildConfiguration;
			buildSettings = {
				ALWAYS_SEARCH_USER_PATHS = NO;
				CLANG_ANALYZER_NONNULL = YES;
				CLANG_CXX_LANGUAGE_STANDARD = "gnu++0x";
				CLANG_CXX_LIBRARY = "libc++";
				CLANG_ENABLE_MODULES = YES;
				CLANG_ENABLE_OBJC_ARC = YES;
				CLANG_WARN_BOOL_CONVERSION = YES;
				CLANG_WARN_CONSTANT_CONVERSION = YES;
				CLANG_WARN_DIRECT_OBJC_ISA_USAGE = YES_ERROR;
				CLANG_WARN_DOCUMENTATION_COMMENTS = YES;
				CLANG_WARN_EMPTY_BODY = YES;
				CLANG_WARN_ENUM_CONVERSION = YES;
				CLANG_WARN_INFINITE_RECURSION = YES;
				CLANG_WARN_INT_CONVERSION = YES;
				CLANG_WARN_OBJC_ROOT_CLASS = YES_ERROR;
				CLANG_WARN_SUSPICIOUS_MOVE = YES;
				CLANG_WARN_UNREACHABLE_CODE = YES;
				CLANG_WARN__DUPLICATE_METHOD_MATCH = YES;
				"CODE_SIGN_IDENTITY[sdk=iphoneos*]" = "iPhone Developer";
				COPY_PHASE_STRIP = NO;
				DEBUG_INFORMATION_FORMAT = "dwarf-with-dsym";
				ENABLE_NS_ASSERTIONS = NO;
				ENABLE_STRICT_OBJC_MSGSEND = YES;
				GCC_C_LANGUAGE_STANDARD = gnu99;
				GCC_NO_COMMON_BLOCKS = YES;
				GCC_WARN_64_TO_32_BIT_CONVERSION = YES;
				GCC_WARN_ABOUT_RETURN_TYPE = YES_ERROR;
				GCC_WARN_UNDECLARED_SELECTOR = YES;
				GCC_WARN_UNINITIALIZED_AUTOS = YES_AGGRESSIVE;
				GCC_WARN_UNUSED_FUNCTION = YES;
				GCC_WARN_UNUSED_VARIABLE = YES;
				IPHONEOS_DEPLOYMENT_TARGET = 10.2;
				MTL_ENABLE_DEBUG_INFO = NO;
				SDKROOT = iphoneos;
				TARGETED_DEVICE_FAMILY = "1,2";
				VALIDATE_PRODUCT = YES;
			};
			name = Release;
		};
		1C9F9C211E265AAC00995032 /* Debug */ = {
			isa = XCBuildConfiguration;
			buildSettings = {
				ASSETCATALOG_COMPILER_APPICON_NAME = AppIcon;
				DEVELOPMENT_TEAM = J5HLA6KUY2;
				GCC_PREFIX_HEADER = "/Users/taiping002/Desktop/理赔免审核开发/PayProject/PayProject/Common/TPconfig.pch";
				INFOPLIST_FILE = PayProject/Info.plist;
				LD_RUNPATH_SEARCH_PATHS = "$(inherited) @executable_path/Frameworks";
				PRODUCT_BUNDLE_IDENTIFIER = "----.PayProject";
				PRODUCT_NAME = "$(TARGET_NAME)";
			};
			name = Debug;
		};
		1C9F9C221E265AAC00995032 /* Release */ = {
			isa = XCBuildConfiguration;
			buildSettings = {
				ASSETCATALOG_COMPILER_APPICON_NAME = AppIcon;
				DEVELOPMENT_TEAM = J5HLA6KUY2;
				GCC_PREFIX_HEADER = "/Users/taiping002/Desktop/理赔免审核开发/PayProject/PayProject/Common/TPconfig.pch";
				INFOPLIST_FILE = PayProject/Info.plist;
				LD_RUNPATH_SEARCH_PATHS = "$(inherited) @executable_path/Frameworks";
				PRODUCT_BUNDLE_IDENTIFIER = "----.PayProject";
				PRODUCT_NAME = "$(TARGET_NAME)";
			};
			name = Release;
		};
/* End XCBuildConfiguration section */

/* Begin XCConfigurationList section */
		1C9F9C041E265AAB00995032 /* Build configuration list for PBXProject "PayProject" */ = {
			isa = XCConfigurationList;
			buildConfigurations = (
				1C9F9C1E1E265AAC00995032 /* Debug */,
				1C9F9C1F1E265AAC00995032 /* Release */,
			);
			defaultConfigurationIsVisible = 0;
			defaultConfigurationName = Release;
		};
		1C9F9C201E265AAC00995032 /* Build configuration list for PBXNativeTarget "PayProject" */ = {
			isa = XCConfigurationList;
			buildConfigurations = (
				1C9F9C211E265AAC00995032 /* Debug */,
				1C9F9C221E265AAC00995032 /* Release */,
			);
			defaultConfigurationIsVisible = 0;
			defaultConfigurationName = Release;
		};
/* End XCConfigurationList section */
	};
	rootObject = 1C9F9C011E265AAB00995032 /* Project object */;
}
